// !$*UTF8*$!
{
	archiveVersion = 1;
	classes = {
	};
	objectVersion = 56;
	objects = {

/* Begin PBXBuildFile section */
		FBB5AFFE2A0D762500DC28A4 /* restartAppBootCampApp.swift in Sources */ = {isa = PBXBuildFile; fileRef = FBB5AFFD2A0D762500DC28A4 /* restartAppBootCampApp.swift */; };
		FBB5B0002A0D762500DC28A4 /* ContentView.swift in Sources */ = {isa = PBXBuildFile; fileRef = FBB5AFFF2A0D762500DC28A4 /* ContentView.swift */; };
		FBB5B0022A0D762700DC28A4 /* Assets.xcassets in Resources */ = {isa = PBXBuildFile; fileRef = FBB5B0012A0D762700DC28A4 /* Assets.xcassets */; };
		FBB5B0052A0D762700DC28A4 /* Preview Assets.xcassets in Resources */ = {isa = PBXBuildFile; fileRef = FBB5B0042A0D762700DC28A4 /* Preview Assets.xcassets */; };
		FBB5B00D2A0D7B5F00DC28A4 /* success.m4a in Resources */ = {isa = PBXBuildFile; fileRef = FBB5B00B2A0D7B5F00DC28A4 /* success.m4a */; };
		FBB5B00E2A0D7B5F00DC28A4 /* chimeup.mp3 in Resources */ = {isa = PBXBuildFile; fileRef = FBB5B00C2A0D7B5F00DC28A4 /* chimeup.mp3 */; };
		FBB5B0152A0D8CC700DC28A4 /* OnBoardingView.swift in Sources */ = {isa = PBXBuildFile; fileRef = FBB5B0142A0D8CC700DC28A4 /* OnBoardingView.swift */; };
		FBB5B0172A0D8CE000DC28A4 /* HomeView.swift in Sources */ = {isa = PBXBuildFile; fileRef = FBB5B0162A0D8CE000DC28A4 /* HomeView.swift */; };
/* End PBXBuildFile section */

/* Begin PBXFileReference section */
		FBB5AFFA2A0D762500DC28A4 /* restartAppBootCamp.app */ = {isa = PBXFileReference; explicitFileType = wrapper.application; includeInIndex = 0; path = restartAppBootCamp.app; sourceTree = BUILT_PRODUCTS_DIR; };
		FBB5AFFD2A0D762500DC28A4 /* restartAppBootCampApp.swift */ = {isa = PBXFileReference; lastKnownFileType = sourcecode.swift; path = restartAppBootCampApp.swift; sourceTree = "<group>"; };
		FBB5AFFF2A0D762500DC28A4 /* ContentView.swift */ = {isa = PBXFileReference; lastKnownFileType = sourcecode.swift; path = ContentView.swift; sourceTree = "<group>"; };
		FBB5B0012A0D762700DC28A4 /* Assets.xcassets */ = {isa = PBXFileReference; lastKnownFileType = folder.assetcatalog; path = Assets.xcassets; sourceTree = "<group>"; };
		FBB5B0042A0D762700DC28A4 /* Preview Assets.xcassets */ = {isa = PBXFileReference; lastKnownFileType = folder.assetcatalog; path = "Preview Assets.xcassets"; sourceTree = "<group>"; };
		FBB5B00B2A0D7B5F00DC28A4 /* success.m4a */ = {isa = PBXFileReference; lastKnownFileType = file; path = success.m4a; sourceTree = "<group>"; };
		FBB5B00C2A0D7B5F00DC28A4 /* chimeup.mp3 */ = {isa = PBXFileReference; lastKnownFileType = audio.mp3; path = chimeup.mp3; sourceTree = "<group>"; };
		FBB5B0132A0D7F7200DC28A4 /* Info.plist */ = {isa = PBXFileReference; lastKnownFileType = text.plist; path = Info.plist; sourceTree = "<group>"; };
		FBB5B0142A0D8CC700DC28A4 /* OnBoardingView.swift */ = {isa = PBXFileReference; lastKnownFileType = sourcecode.swift; path = OnBoardingView.swift; sourceTree = "<group>"; };
		FBB5B0162A0D8CE000DC28A4 /* HomeView.swift */ = {isa = PBXFileReference; lastKnownFileType = sourcecode.swift; path = HomeView.swift; sourceTree = "<group>"; };
/* End PBXFileReference section */

/* Begin PBXFrameworksBuildPhase section */
		FBB5AFF72A0D762500DC28A4 /* Frameworks */ = {
			isa = PBXFrameworksBuildPhase;
			buildActionMask = 2147483647;
			files = (
			);
			runOnlyForDeploymentPostprocessing = 0;
		};
/* End PBXFrameworksBuildPhase section */

/* Begin PBXGroup section */
		FBB5AFF12A0D762500DC28A4 = {
			isa = PBXGroup;
			children = (
				FBB5AFFC2A0D762500DC28A4 /* restartAppBootCamp */,
				FBB5AFFB2A0D762500DC28A4 /* Products */,
			);
			sourceTree = "<group>";
		};
		FBB5AFFB2A0D762500DC28A4 /* Products */ = {
			isa = PBXGroup;
			children = (
				FBB5AFFA2A0D762500DC28A4 /* restartAppBootCamp.app */,
			);
			name = Products;
			sourceTree = "<group>";
		};
		FBB5AFFC2A0D762500DC28A4 /* restartAppBootCamp */ = {
			isa = PBXGroup;
			children = (
				FBB5B0132A0D7F7200DC28A4 /* Info.plist */,
				FBB5B0122A0D7DB400DC28A4 /* Utilities */,
				FBB5AFFD2A0D762500DC28A4 /* restartAppBootCampApp.swift */,
				FBB5B0112A0D7D3C00DC28A4 /* Views */,
				FBB5B00F2A0D7B7B00DC28A4 /* Sounds */,
				FBB5B0102A0D7D2400DC28A4 /* Screens */,
				FBB5B0012A0D762700DC28A4 /* Assets.xcassets */,
				FBB5B0032A0D762700DC28A4 /* Preview Content */,
			);
			path = restartAppBootCamp;
			sourceTree = "<group>";
		};
		FBB5B0032A0D762700DC28A4 /* Preview Content */ = {
			isa = PBXGroup;
			children = (
				FBB5B0042A0D762700DC28A4 /* Preview Assets.xcassets */,
			);
			path = "Preview Content";
			sourceTree = "<group>";
		};
		FBB5B00F2A0D7B7B00DC28A4 /* Sounds */ = {
			isa = PBXGroup;
			children = (
				FBB5B00C2A0D7B5F00DC28A4 /* chimeup.mp3 */,
				FBB5B00B2A0D7B5F00DC28A4 /* success.m4a */,
			);
			path = Sounds;
			sourceTree = "<group>";
		};
		FBB5B0102A0D7D2400DC28A4 /* Screens */ = {
			isa = PBXGroup;
			children = (
				FBB5AFFF2A0D762500DC28A4 /* ContentView.swift */,
				FBB5B0142A0D8CC700DC28A4 /* OnBoardingView.swift */,
				FBB5B0162A0D8CE000DC28A4 /* HomeView.swift */,
			);
			path = Screens;
			sourceTree = "<group>";
		};
		FBB5B0112A0D7D3C00DC28A4 /* Views */ = {
			isa = PBXGroup;
			children = (
			);
			path = Views;
			sourceTree = "<group>";
		};
		FBB5B0122A0D7DB400DC28A4 /* Utilities */ = {
			isa = PBXGroup;
			children = (
			);
			path = Utilities;
			sourceTree = "<group>";
		};
/* End PBXGroup section */

/* Begin PBXNativeTarget section */
		FBB5AFF92A0D762500DC28A4 /* restartAppBootCamp */ = {
			isa = PBXNativeTarget;
			buildConfigurationList = FBB5B0082A0D762700DC28A4 /* Build configuration list for PBXNativeTarget "restartAppBootCamp" */;
			buildPhases = (
				FBB5AFF62A0D762500DC28A4 /* Sources */,
				FBB5AFF72A0D762500DC28A4 /* Frameworks */,
				FBB5AFF82A0D762500DC28A4 /* Resources */,
			);
			buildRules = (
			);
			dependencies = (
			);
			name = restartAppBootCamp;
			productName = restartAppBootCamp;
			productReference = FBB5AFFA2A0D762500DC28A4 /* restartAppBootCamp.app */;
			productType = "com.apple.product-type.application";
		};
/* End PBXNativeTarget section */

/* Begin PBXProject section */
		FBB5AFF22A0D762500DC28A4 /* Project object */ = {
			isa = PBXProject;
			attributes = {
				BuildIndependentTargetsInParallel = 1;
				LastSwiftUpdateCheck = 1420;
				LastUpgradeCheck = 1420;
				TargetAttributes = {
					FBB5AFF92A0D762500DC28A4 = {
						CreatedOnToolsVersion = 14.2;
					};
				};
			};
			buildConfigurationList = FBB5AFF52A0D762500DC28A4 /* Build configuration list for PBXProject "restartAppBootCamp" */;
			compatibilityVersion = "Xcode 14.0";
			developmentRegion = en;
			hasScannedForEncodings = 0;
			knownRegions = (
				en,
				Base,
			);
			mainGroup = FBB5AFF12A0D762500DC28A4;
			productRefGroup = FBB5AFFB2A0D762500DC28A4 /* Products */;
			projectDirPath = "";
			projectRoot = "";
			targets = (
				FBB5AFF92A0D762500DC28A4 /* restartAppBootCamp */,
			);
		};
/* End PBXProject section */

/* Begin PBXResourcesBuildPhase section */
		FBB5AFF82A0D762500DC28A4 /* Resources */ = {
			isa = PBXResourcesBuildPhase;
			buildActionMask = 2147483647;
			files = (
				FBB5B00E2A0D7B5F00DC28A4 /* chimeup.mp3 in Resources */,
				FBB5B0052A0D762700DC28A4 /* Preview Assets.xcassets in Resources */,
				FBB5B00D2A0D7B5F00DC28A4 /* success.m4a in Resources */,
				FBB5B0022A0D762700DC28A4 /* Assets.xcassets in Resources */,
			);
			runOnlyForDeploymentPostprocessing = 0;
		};
/* End PBXResourcesBuildPhase section */

/* Begin PBXSourcesBuildPhase section */
		FBB5AFF62A0D762500DC28A4 /* Sources */ = {
			isa = PBXSourcesBuildPhase;
			buildActionMask = 2147483647;
			files = (
				FBB5B0152A0D8CC700DC28A4 /* OnBoardingView.swift in Sources */,
				FBB5B0172A0D8CE000DC28A4 /* HomeView.swift in Sources */,
				FBB5B0002A0D762500DC28A4 /* ContentView.swift in Sources */,
				FBB5AFFE2A0D762500DC28A4 /* restartAppBootCampApp.swift in Sources */,
			);
			runOnlyForDeploymentPostprocessing = 0;
		};
/* End PBXSourcesBuildPhase section */

/* Begin XCBuildConfiguration section */
		FBB5B0062A0D762700DC28A4 /* Debug */ = {
			isa = XCBuildConfiguration;
			buildSettings = {
				ALWAYS_SEARCH_USER_PATHS = NO;
				CLANG_ANALYZER_NONNULL = YES;
				CLANG_ANALYZER_NUMBER_OBJECT_CONVERSION = YES_AGGRESSIVE;
				CLANG_CXX_LANGUAGE_STANDARD = "gnu++20";
				CLANG_ENABLE_MODULES = YES;
				CLANG_ENABLE_OBJC_ARC = YES;
				CLANG_ENABLE_OBJC_WEAK = YES;
				CLANG_WARN_BLOCK_CAPTURE_AUTORELEASING = YES;
				CLANG_WARN_BOOL_CONVERSION = YES;
				CLANG_WARN_COMMA = YES;
				CLANG_WARN_CONSTANT_CONVERSION = YES;
				CLANG_WARN_DEPRECATED_OBJC_IMPLEMENTATIONS = YES;
				CLANG_WARN_DIRECT_OBJC_ISA_USAGE = YES_ERROR;
				CLANG_WARN_DOCUMENTATION_COMMENTS = YES;
				CLANG_WARN_EMPTY_BODY = YES;
				CLANG_WARN_ENUM_CONVERSION = YES;
				CLANG_WARN_INFINITE_RECURSION = YES;
				CLANG_WARN_INT_CONVERSION = YES;
				CLANG_WARN_NON_LITERAL_NULL_CONVERSION = YES;
				CLANG_WARN_OBJC_IMPLICIT_RETAIN_SELF = YES;
				CLANG_WARN_OBJC_LITERAL_CONVERSION = YES;
				CLANG_WARN_OBJC_ROOT_CLASS = YES_ERROR;
				CLANG_WARN_QUOTED_INCLUDE_IN_FRAMEWORK_HEADER = YES;
				CLANG_WARN_RANGE_LOOP_ANALYSIS = YES;
				CLANG_WARN_STRICT_PROTOTYPES = YES;
				CLANG_WARN_SUSPICIOUS_MOVE = YES;
				CLANG_WARN_UNGUARDED_AVAILABILITY = YES_AGGRESSIVE;
				CLANG_WARN_UNREACHABLE_CODE = YES;
				CLANG_WARN__DUPLICATE_METHOD_MATCH = YES;
				COPY_PHASE_STRIP = NO;
				DEBUG_INFORMATION_FORMAT = dwarf;
				ENABLE_STRICT_OBJC_MSGSEND = YES;
				ENABLE_TESTABILITY = YES;
				GCC_C_LANGUAGE_STANDARD = gnu11;
				GCC_DYNAMIC_NO_PIC = NO;
				GCC_NO_COMMON_BLOCKS = YES;
				GCC_OPTIMIZATION_LEVEL = 0;
				GCC_PREPROCESSOR_DEFINITIONS = (
					"DEBUG=1",
					"$(inherited)",
				);
				GCC_WARN_64_TO_32_BIT_CONVERSION = YES;
				GCC_WARN_ABOUT_RETURN_TYPE = YES_ERROR;
				GCC_WARN_UNDECLARED_SELECTOR = YES;
				GCC_WARN_UNINITIALIZED_AUTOS = YES_AGGRESSIVE;
				GCC_WARN_UNUSED_FUNCTION = YES;
				GCC_WARN_UNUSED_VARIABLE = YES;
				IPHONEOS_DEPLOYMENT_TARGET = 15.0;
				MTL_ENABLE_DEBUG_INFO = INCLUDE_SOURCE;
				MTL_FAST_MATH = YES;
				ONLY_ACTIVE_ARCH = YES;
				SDKROOT = iphoneos;
				SWIFT_ACTIVE_COMPILATION_CONDITIONS = DEBUG;
				SWIFT_OPTIMIZATION_LEVEL = "-Onone";
			};
			name = Debug;
		};
		FBB5B0072A0D762700DC28A4 /* Release */ = {
			isa = XCBuildConfiguration;
			buildSettings = {
				ALWAYS_SEARCH_USER_PATHS = NO;
				CLANG_ANALYZER_NONNULL = YES;
				CLANG_ANALYZER_NUMBER_OBJECT_CONVERSION = YES_AGGRESSIVE;
				CLANG_CXX_LANGUAGE_STANDARD = "gnu++20";
				CLANG_ENABLE_MODULES = YES;
				CLANG_ENABLE_OBJC_ARC = YES;
				CLANG_ENABLE_OBJC_WEAK = YES;
				CLANG_WARN_BLOCK_CAPTURE_AUTORELEASING = YES;
				CLANG_WARN_BOOL_CONVERSION = YES;
				CLANG_WARN_COMMA = YES;
				CLANG_WARN_CONSTANT_CONVERSION = YES;
				CLANG_WARN_DEPRECATED_OBJC_IMPLEMENTATIONS = YES;
				CLANG_WARN_DIRECT_OBJC_ISA_USAGE = YES_ERROR;
				CLANG_WARN_DOCUMENTATION_COMMENTS = YES;
				CLANG_WARN_EMPTY_BODY = YES;
				CLANG_WARN_ENUM_CONVERSION = YES;
				CLANG_WARN_INFINITE_RECURSION = YES;
				CLANG_WARN_INT_CONVERSION = YES;
				CLANG_WARN_NON_LITERAL_NULL_CONVERSION = YES;
				CLANG_WARN_OBJC_IMPLICIT_RETAIN_SELF = YES;
				CLANG_WARN_OBJC_LITERAL_CONVERSION = YES;
				CLANG_WARN_OBJC_ROOT_CLASS = YES_ERROR;
				CLANG_WARN_QUOTED_INCLUDE_IN_FRAMEWORK_HEADER = YES;
				CLANG_WARN_RANGE_LOOP_ANALYSIS = YES;
				CLANG_WARN_STRICT_PROTOTYPES = YES;
				CLANG_WARN_SUSPICIOUS_MOVE = YES;
				CLANG_WARN_UNGUARDED_AVAILABILITY = YES_AGGRESSIVE;
				CLANG_WARN_UNREACHABLE_CODE = YES;
				CLANG_WARN__DUPLICATE_METHOD_MATCH = YES;
				COPY_PHASE_STRIP = NO;
				DEBUG_INFORMATION_FORMAT = "dwarf-with-dsym";
				ENABLE_NS_ASSERTIONS = NO;
				ENABLE_STRICT_OBJC_MSGSEND = YES;
				GCC_C_LANGUAGE_STANDARD = gnu11;
				GCC_NO_COMMON_BLOCKS = YES;
				GCC_WARN_64_TO_32_BIT_CONVERSION = YES;
				GCC_WARN_ABOUT_RETURN_TYPE = YES_ERROR;
				GCC_WARN_UNDECLARED_SELECTOR = YES;
				GCC_WARN_UNINITIALIZED_AUTOS = YES_AGGRESSIVE;
				GCC_WARN_UNUSED_FUNCTION = YES;
				GCC_WARN_UNUSED_VARIABLE = YES;
				IPHONEOS_DEPLOYMENT_TARGET = 15.0;
				MTL_ENABLE_DEBUG_INFO = NO;
				MTL_FAST_MATH = YES;
				SDKROOT = iphoneos;
				SWIFT_COMPILATION_MODE = wholemodule;
				SWIFT_OPTIMIZATION_LEVEL = "-O";
				VALIDATE_PRODUCT = YES;
			};
			name = Release;
		};
		FBB5B0092A0D762700DC28A4 /* Debug */ = {
			isa = XCBuildConfiguration;
			buildSettings = {
				ASSETCATALOG_COMPILER_APPICON_NAME = AppIcon;
				ASSETCATALOG_COMPILER_GLOBAL_ACCENT_COLOR_NAME = AccentColor;
				CODE_SIGN_STYLE = Automatic;
				CURRENT_PROJECT_VERSION = 1;
				DEVELOPMENT_ASSET_PATHS = "\"restartAppBootCamp/Preview Content\"";
				ENABLE_PREVIEWS = YES;
				GENERATE_INFOPLIST_FILE = YES;
				INFOPLIST_FILE = restartAppBootCamp/Info.plist;
				INFOPLIST_KEY_UIApplicationSceneManifest_Generation = YES;
				INFOPLIST_KEY_UIApplicationSupportsIndirectInputEvents = YES;
				INFOPLIST_KEY_UISupportedInterfaceOrientations = UIInterfaceOrientationPortrait;
				IPHONEOS_DEPLOYMENT_TARGET = 15.0;
				LD_RUNPATH_SEARCH_PATHS = (
					"$(inherited)",
					"@executable_path/Frameworks",
				);
				MARKETING_VERSION = 1.0;
				PRODUCT_BUNDLE_IDENTIFIER = com.max.restartAppBootCamp;
				PRODUCT_NAME = "$(TARGET_NAME)";
				SWIFT_EMIT_LOC_STRINGS = YES;
				SWIFT_VERSION = 5.0;
				TARGETED_DEVICE_FAMILY = "1,2";
			};
			name = Debug;
		};
		FBB5B00A2A0D762700DC28A4 /* Release */ = {
			isa = XCBuildConfiguration;
			buildSettings = {
				ASSETCATALOG_COMPILER_APPICON_NAME = AppIcon;
				ASSETCATALOG_COMPILER_GLOBAL_ACCENT_COLOR_NAME = AccentColor;
				CODE_SIGN_STYLE = Automatic;
				CURRENT_PROJECT_VERSION = 1;
				DEVELOPMENT_ASSET_PATHS = "\"restartAppBootCamp/Preview Content\"";
				ENABLE_PREVIEWS = YES;
				GENERATE_INFOPLIST_FILE = YES;
				INFOPLIST_FILE = restartAppBootCamp/Info.plist;
				INFOPLIST_KEY_UIApplicationSceneManifest_Generation = YES;
				INFOPLIST_KEY_UIApplicationSupportsIndirectInputEvents = YES;
				INFOPLIST_KEY_UISupportedInterfaceOrientations = UIInterfaceOrientationPortrait;
				IPHONEOS_DEPLOYMENT_TARGET = 15.0;
				LD_RUNPATH_SEARCH_PATHS = (
					"$(inherited)",
					"@executable_path/Frameworks",
				);
				MARKETING_VERSION = 1.0;
				PRODUCT_BUNDLE_IDENTIFIER = com.max.restartAppBootCamp;
				PRODUCT_NAME = "$(TARGET_NAME)";
				SWIFT_EMIT_LOC_STRINGS = YES;
				SWIFT_VERSION = 5.0;
				TARGETED_DEVICE_FAMILY = "1,2";
			};
			name = Release;
		};
/* End XCBuildConfiguration section */

/* Begin XCConfigurationList section */
		FBB5AFF52A0D762500DC28A4 /* Build configuration list for PBXProject "restartAppBootCamp" */ = {
			isa = XCConfigurationList;
			buildConfigurations = (
				FBB5B0062A0D762700DC28A4 /* Debug */,
				FBB5B0072A0D762700DC28A4 /* Release */,
			);
			defaultConfigurationIsVisible = 0;
			defaultConfigurationName = Release;
		};
		FBB5B0082A0D762700DC28A4 /* Build configuration list for PBXNativeTarget "restartAppBootCamp" */ = {
			isa = XCConfigurationList;
			buildConfigurations = (
				FBB5B0092A0D762700DC28A4 /* Debug */,
				FBB5B00A2A0D762700DC28A4 /* Release */,
			);
			defaultConfigurationIsVisible = 0;
			defaultConfigurationName = Release;
		};
/* End XCConfigurationList section */
	};
	rootObject = FBB5AFF22A0D762500DC28A4 /* Project object */;
}
